{
  "version": 4,
  "terraform_version": "1.7.4",
  "serial": 7,
  "lineage": "44873c38-1389-2e66-b206-a4f3e8f2c5f5",
  "outputs": {},
  "resources": [
    {
      "mode": "data",
      "type": "digitalocean_ssh_key",
      "name": "terraform",
      "provider": "provider[\"registry.terraform.io/digitalocean/digitalocean\"]",
      "instances": [
        {
          "schema_version": 0,
          "attributes": {
            "fingerprint": "23:c9:9e:0d:04:8e:b4:7c:b7:06:e5:df:4a:f3:7b:04",
            "id": 42448337,
            "name": "dorytest2",
            "public_key": "ssh-rsa AAAAB3NzaC1yc2EAAAADAQABAAABgQCkUkFM8TSfYlaAogNGkNrWiHglhH3Myi+/+IpJMJCJ4jn7oA3TNPanfaZQj9sLWCxcjQ56q0eeFf5UH4X9PWEQ/+478/PtHuHztF+TdJABcoT38T8WceZWGf2BzcxtYvvm1TgUgU7xt9NIbJjHI31WCUdc9nC963euOOXzjrP3wnG7q3tZAX1XkbhDb4b3Z+W6P3hQrG6VZs7Sp8sRZUw5JamCJYhz/fP2ZNwgVA6SD5btu466AlmX1GQjyhtj1KV2ISP2icq7yKVUA1to1/wPLQouqir27OPagrxwtJfD7WWIWd9OOeQLzMrq/2cxE617irP6frN6pI63nvScUcLuCYox6Uq09fxcVph/QquyRiWocY/RhbMXjc+6x/ZhOFataMgUeuLhQM7tSDAT+DkXesEQvpHB+EhhPZcr2FFYtvT2sjqZsW4Db0hRNwPesERkGmT2KTYO3g9Cx5fvHHmUtY8ChtOxMPS+A3wtWgV5tm2cYYvTXqJM5gB2OoZHrjs= paola@VenP"
          },
          "sensitive_attributes": []
        }
      ]
    },
    {
      "mode": "managed",
      "type": "digitalocean_droplet",
      "name": "web",
      "provider": "provider[\"registry.terraform.io/digitalocean/digitalocean\"]",
      "instances": [
        {
          "schema_version": 1,
          "attributes": {
            "backups": false,
            "created_at": "2024-06-16T15:45:05Z",
            "disk": 160,
            "droplet_agent": null,
            "graceful_shutdown": false,
            "id": "426241958",
            "image": "ubuntu-23-10-x64",
            "ipv4_address": "146.190.32.180",
            "ipv4_address_private": "10.124.0.3",
            "ipv6": false,
            "ipv6_address": "",
            "locked": false,
            "memory": 8192,
            "monitoring": false,
            "name": "dorytest2",
            "price_hourly": 0.08333,
            "price_monthly": 56,
            "private_networking": true,
            "region": "sfo3",
            "resize_disk": true,
            "size": "s-4vcpu-8gb-amd",
            "ssh_keys": [
              "42448337"
            ],
            "status": "active",
            "tags": null,
            "timeouts": null,
            "urn": "do:droplet:426241958",
            "user_data": null,
            "vcpus": 4,
            "volume_ids": [],
            "vpc_uuid": "742d3d5c-7c68-4f01-b232-3b517a7498ef"
          },
          "sensitive_attributes": [],
          "private": "eyJlMmJmYjczMC1lY2FhLTExZTYtOGY4OC0zNDM2M2JjN2M0YzAiOnsiY3JlYXRlIjozNjAwMDAwMDAwMDAwLCJkZWxldGUiOjYwMDAwMDAwMDAwLCJ1cGRhdGUiOjM2MDAwMDAwMDAwMDB9LCJzY2hlbWFfdmVyc2lvbiI6IjEifQ==",
          "dependencies": [
            "data.digitalocean_ssh_key.terraform"
          ]
        }
      ]
    },
    {
      "mode": "managed",
      "type": "null_resource",
      "name": "apps_settings",
      "provider": "provider[\"registry.terraform.io/hashicorp/null\"]",
      "instances": [
        {
          "index_key": "0",
          "schema_version": 0,
          "attributes": {
            "id": "5238528070736278378",
            "triggers": null
          },
          "sensitive_attributes": [],
          "dependencies": [
            "data.digitalocean_ssh_key.terraform",
            "digitalocean_droplet.web",
            "null_resource.change_user"
          ]
        },
        {
          "index_key": "1",
          "schema_version": 0,
          "attributes": {
            "id": "742099927043324363",
            "triggers": null
          },
          "sensitive_attributes": [],
          "dependencies": [
            "data.digitalocean_ssh_key.terraform",
            "digitalocean_droplet.web",
            "null_resource.change_user"
          ]
        }
      ]
    },
    {
      "mode": "managed",
      "type": "null_resource",
      "name": "change_user",
      "provider": "provider[\"registry.terraform.io/hashicorp/null\"]",
      "instances": [
        {
          "schema_version": 0,
          "attributes": {
            "id": "4188573195425335438",
            "triggers": null
          },
          "sensitive_attributes": [],
          "dependencies": [
            "data.digitalocean_ssh_key.terraform",
            "digitalocean_droplet.web"
          ]
        }
      ]
    },
    {
      "mode": "managed",
      "type": "null_resource",
      "name": "ssl_settings",
      "provider": "provider[\"registry.terraform.io/hashicorp/null\"]",
      "instances": [
        {
          "schema_version": 0,
          "attributes": {
            "id": "4292067254510161658",
            "triggers": null
          },
          "sensitive_attributes": [],
          "dependencies": [
            "data.digitalocean_ssh_key.terraform",
            "digitalocean_droplet.web",
            "null_resource.apps_settings",
            "null_resource.change_user",
            "time_sleep.wait_6_seconds"
          ]
        }
      ]
    },
    {
      "mode": "managed",
      "type": "time_sleep",
      "name": "wait_6_seconds",
      "provider": "provider[\"registry.terraform.io/hashicorp/time\"]",
      "instances": [
        {
          "schema_version": 0,
          "attributes": {
            "create_duration": "6s",
            "destroy_duration": null,
            "id": "2024-06-16T15:51:59Z",
            "triggers": {
              "before": "5238528070736278378"
            }
          },
          "sensitive_attributes": [],
          "dependencies": [
            "data.digitalocean_ssh_key.terraform",
            "digitalocean_droplet.web",
            "null_resource.apps_settings",
            "null_resource.change_user"
          ]
        }
      ]
    }
  ],
  "check_results": null
}
